
Microsoft Visual Studio Solution File, Format Version 12.00
# Visual Studio 15
VisualStudioVersion = 15.0.26430.6
MinimumVisualStudioVersion = 10.0.40219.1
Project("{FAE04EC0-301F-11D3-BF4B-00C04F79EFBC}") = "DigitsOfPI", "MegaProjectList\DigitsOfPI.csproj", "{57D2D82F-C85D-4DF5-9BB1-78F5DA98496C}"
EndProject
Project("{2150E333-8FDC-42A3-9474-1A3956D46DE8}") = "Numbers", "Numbers", "{62771F1A-3F4A-42FB-99BA-52B806A1CD1A}"
EndProject
Project("{FAE04EC0-301F-11D3-BF4B-00C04F79EFBC}") = "FibonacciSequence", "FibonacciSequence\FibonacciSequence.csproj", "{F13E235C-2E37-4C5C-973B-FD4A67329E45}"
EndProject
Project("{FAE04EC0-301F-11D3-BF4B-00C04F79EFBC}") = "BirthdayCakeCandles", "BirthdayCakeCandles\BirthdayCakeCandles.csproj", "{844864CF-9D7E-430F-9F9C-5D1C78533ED3}"
EndProject
Project("{2150E333-8FDC-42A3-9474-1A3956D46DE8}") = "hackerrank", "hackerrank", "{B7466151-43EB-4F9B-AC12-80C340A33B79}"
EndProject
Project("{FAE04EC0-301F-11D3-BF4B-00C04F79EFBC}") = "Time Conversion", "Time Conversion\Time Conversion.csproj", "{B4FD3086-7416-4476-B69B-D973723AE97B}"
EndProject
Project("{2150E333-8FDC-42A3-9474-1A3956D46DE8}") = "EF", "EF", "{A0B7129C-5DE0-4296-8643-B4730F5C8FE6}"
EndProject
Project("{FAE04EC0-301F-11D3-BF4B-00C04F79EFBC}") = "EFApp", "EFApp\EFApp.csproj", "{55C7822D-F436-49F4-9EE8-6C26836D1736}"
EndProject
Project("{FAE04EC0-301F-11D3-BF4B-00C04F79EFBC}") = "EFCodeFirst", "EFCodeFirst\EFCodeFirst.csproj", "{A2324A06-6A3C-4731-9A32-C29DB1F60D30}"
EndProject
Global
	GlobalSection(SolutionConfigurationPlatforms) = preSolution
		Debug|Any CPU = Debug|Any CPU
		Release|Any CPU = Release|Any CPU
	EndGlobalSection
	GlobalSection(ProjectConfigurationPlatforms) = postSolution
		{57D2D82F-C85D-4DF5-9BB1-78F5DA98496C}.Debug|Any CPU.ActiveCfg = Debug|Any CPU
		{57D2D82F-C85D-4DF5-9BB1-78F5DA98496C}.Debug|Any CPU.Build.0 = Debug|Any CPU
		{57D2D82F-C85D-4DF5-9BB1-78F5DA98496C}.Release|Any CPU.ActiveCfg = Release|Any CPU
		{57D2D82F-C85D-4DF5-9BB1-78F5DA98496C}.Release|Any CPU.Build.0 = Release|Any CPU
		{F13E235C-2E37-4C5C-973B-FD4A67329E45}.Debug|Any CPU.ActiveCfg = Debug|Any CPU
		{F13E235C-2E37-4C5C-973B-FD4A67329E45}.Debug|Any CPU.Build.0 = Debug|Any CPU
		{F13E235C-2E37-4C5C-973B-FD4A67329E45}.Release|Any CPU.ActiveCfg = Release|Any CPU
		{F13E235C-2E37-4C5C-973B-FD4A67329E45}.Release|Any CPU.Build.0 = Release|Any CPU
		{844864CF-9D7E-430F-9F9C-5D1C78533ED3}.Debug|Any CPU.ActiveCfg = Debug|Any CPU
		{844864CF-9D7E-430F-9F9C-5D1C78533ED3}.Debug|Any CPU.Build.0 = Debug|Any CPU
		{844864CF-9D7E-430F-9F9C-5D1C78533ED3}.Release|Any CPU.ActiveCfg = Release|Any CPU
		{844864CF-9D7E-430F-9F9C-5D1C78533ED3}.Release|Any CPU.Build.0 = Release|Any CPU
		{B4FD3086-7416-4476-B69B-D973723AE97B}.Debug|Any CPU.ActiveCfg = Debug|Any CPU
		{B4FD3086-7416-4476-B69B-D973723AE97B}.Debug|Any CPU.Build.0 = Debug|Any CPU
		{B4FD3086-7416-4476-B69B-D973723AE97B}.Release|Any CPU.ActiveCfg = Release|Any CPU
		{B4FD3086-7416-4476-B69B-D973723AE97B}.Release|Any CPU.Build.0 = Release|Any CPU
		{55C7822D-F436-49F4-9EE8-6C26836D1736}.Debug|Any CPU.ActiveCfg = Debug|Any CPU
		{55C7822D-F436-49F4-9EE8-6C26836D1736}.Debug|Any CPU.Build.0 = Debug|Any CPU
		{55C7822D-F436-49F4-9EE8-6C26836D1736}.Release|Any CPU.ActiveCfg = Release|Any CPU
		{55C7822D-F436-49F4-9EE8-6C26836D1736}.Release|Any CPU.Build.0 = Release|Any CPU
		{A2324A06-6A3C-4731-9A32-C29DB1F60D30}.Debug|Any CPU.ActiveCfg = Debug|Any CPU
		{A2324A06-6A3C-4731-9A32-C29DB1F60D30}.Debug|Any CPU.Build.0 = Debug|Any CPU
		{A2324A06-6A3C-4731-9A32-C29DB1F60D30}.Release|Any CPU.ActiveCfg = Release|Any CPU
		{A2324A06-6A3C-4731-9A32-C29DB1F60D30}.Release|Any CPU.Build.0 = Release|Any CPU
	EndGlobalSection
	GlobalSection(SolutionProperties) = preSolution
		HideSolutionNode = FALSE
	EndGlobalSection
	GlobalSection(NestedProjects) = preSolution
		{57D2D82F-C85D-4DF5-9BB1-78F5DA98496C} = {62771F1A-3F4A-42FB-99BA-52B806A1CD1A}
		{F13E235C-2E37-4C5C-973B-FD4A67329E45} = {62771F1A-3F4A-42FB-99BA-52B806A1CD1A}
		{844864CF-9D7E-430F-9F9C-5D1C78533ED3} = {B7466151-43EB-4F9B-AC12-80C340A33B79}
		{B4FD3086-7416-4476-B69B-D973723AE97B} = {B7466151-43EB-4F9B-AC12-80C340A33B79}
		{55C7822D-F436-49F4-9EE8-6C26836D1736} = {A0B7129C-5DE0-4296-8643-B4730F5C8FE6}
		{A2324A06-6A3C-4731-9A32-C29DB1F60D30} = {A0B7129C-5DE0-4296-8643-B4730F5C8FE6}
	EndGlobalSection
EndGlobal
